[[package]]
name = "Flask"
version = "1.1.4"
description = "A simple framework for building complex web applications."
category = "main"
optional = false
python-versions = "*"

[[package]]
name = "pandas"
version = "1.4.4"
description = "Powerful data structures for data analysis, time series, and statistics"
category = "main"
optional = false
python-versions = "*"

[[package]]
name = "Pillow"
version = "9.2.0"
description = "Python Imaging Library (Fork)"
category = "main"
optional = false
python-versions = "*"

[[package]]
name = "PyYAML"
version = "6.0"
description = "YAML parser and emitter for Python"
category = "main"
optional = false
python-versions = "*"

[[package]]
name = "regex"
version = "2022.8.17"
description = "Alternative regular expression module, to replace re."
category = "main"
optional = false
python-versions = "*"

[[package]]
name = "tensorflow"
version = "2.9.2"
description = "TensorFlow is an open source machine learning framework for everyone."
category = "main"
optional = false
python-versions = "*"

[[package]]
name = "tensorflow-addons"
version = "0.17.1"
description = "TensorFlow Addons."
category = "main"
optional = false
python-versions = "*"

[[package]]
name = "wget"
version = "3.2"
description = "pure python download utility"
category = "main"
optional = false
python-versions = "*"

[metadata]
lock-version = "1.1"
python-versions = "*"
content-hash = "1055e62bac51892e3d3d625cd421aeed8ba2d900315b8d428f0cf570ddc1e44a"

[metadata.files]
Flask = []
pandas = []
Pillow = []
PyYAML = []
regex = []
tensorflow = []
tensorflow-addons = []
wget = []
